
Microsoft Visual Studio Solution File, Format Version 12.00
# Visual Studio Version 16
VisualStudioVersion = 16.0.29519.181
MinimumVisualStudioVersion = 10.0.40219.1
Project("{FAE04EC0-301F-11D3-BF4B-00C04F79EFBC}") = "BTCA-3-lop", "BTCA-3-lop\BTCA-3-lop.csproj", "{93C56681-CC49-4C59-B035-4CD17704F624}"
EndProject
Project("{FAE04EC0-301F-11D3-BF4B-00C04F79EFBC}") = "BUS", "BUS\BUS.csproj", "{5384BC8D-2350-44D3-9D48-BB63A59EDA7C}"
EndProject
Project("{FAE04EC0-301F-11D3-BF4B-00C04F79EFBC}") = "DAO", "DAO\DAO.csproj", "{4CB2FA8C-B3E5-4318-9B59-4372A3FF6849}"
EndProject
Project("{FAE04EC0-301F-11D3-BF4B-00C04F79EFBC}") = "DTO", "DTO\DTO.csproj", "{71F5E485-B7B6-47BA-8918-432106146E47}"
EndProject
Global
	GlobalSection(SolutionConfigurationPlatforms) = preSolution
		Debug|Any CPU = Debug|Any CPU
		Release|Any CPU = Release|Any CPU
	EndGlobalSection
	GlobalSection(ProjectConfigurationPlatforms) = postSolution
		{93C56681-CC49-4C59-B035-4CD17704F624}.Debug|Any CPU.ActiveCfg = Debug|Any CPU
		{93C56681-CC49-4C59-B035-4CD17704F624}.Debug|Any CPU.Build.0 = Debug|Any CPU
		{93C56681-CC49-4C59-B035-4CD17704F624}.Release|Any CPU.ActiveCfg = Release|Any CPU
		{93C56681-CC49-4C59-B035-4CD17704F624}.Release|Any CPU.Build.0 = Release|Any CPU
		{5384BC8D-2350-44D3-9D48-BB63A59EDA7C}.Debug|Any CPU.ActiveCfg = Debug|Any CPU
		{5384BC8D-2350-44D3-9D48-BB63A59EDA7C}.Debug|Any CPU.Build.0 = Debug|Any CPU
		{5384BC8D-2350-44D3-9D48-BB63A59EDA7C}.Release|Any CPU.ActiveCfg = Release|Any CPU
		{5384BC8D-2350-44D3-9D48-BB63A59EDA7C}.Release|Any CPU.Build.0 = Release|Any CPU
		{4CB2FA8C-B3E5-4318-9B59-4372A3FF6849}.Debug|Any CPU.ActiveCfg = Debug|Any CPU
		{4CB2FA8C-B3E5-4318-9B59-4372A3FF6849}.Debug|Any CPU.Build.0 = Debug|Any CPU
		{4CB2FA8C-B3E5-4318-9B59-4372A3FF6849}.Release|Any CPU.ActiveCfg = Release|Any CPU
		{4CB2FA8C-B3E5-4318-9B59-4372A3FF6849}.Release|Any CPU.Build.0 = Release|Any CPU
		{71F5E485-B7B6-47BA-8918-432106146E47}.Debug|Any CPU.ActiveCfg = Debug|Any CPU
		{71F5E485-B7B6-47BA-8918-432106146E47}.Debug|Any CPU.Build.0 = Debug|Any CPU
		{71F5E485-B7B6-47BA-8918-432106146E47}.Release|Any CPU.ActiveCfg = Release|Any CPU
		{71F5E485-B7B6-47BA-8918-432106146E47}.Release|Any CPU.Build.0 = Release|Any CPU
	EndGlobalSection
	GlobalSection(SolutionProperties) = preSolution
		HideSolutionNode = FALSE
	EndGlobalSection
	GlobalSection(ExtensibilityGlobals) = postSolution
		SolutionGuid = {1AD75FEC-0D14-4C39-91E3-88A460064D1A}
	EndGlobalSection
EndGlobal
